
Microsoft Visual Studio Solution File, Format Version 12.00
# Visual Studio Version 16
VisualStudioVersion = 16.0.29709.97
MinimumVisualStudioVersion = 10.0.40219.1
Project("{8BC9CEB8-8B4A-11D0-8D11-00A0C91BC942}") = "Pract1_1", "Pract1_1\Pract1_1.vcxproj", "{7FD736DB-0CDE-46A9-B165-F339D9BD7145}"
EndProject
Global
	GlobalSection(SolutionConfigurationPlatforms) = preSolution
		Debug|x64 = Debug|x64
		Debug|x86 = Debug|x86
		Release|x64 = Release|x64
		Release|x86 = Release|x86
	EndGlobalSection
	GlobalSection(ProjectConfigurationPlatforms) = postSolution
		{7FD736DB-0CDE-46A9-B165-F339D9BD7145}.Debug|x64.ActiveCfg = Debug|x64
		{7FD736DB-0CDE-46A9-B165-F339D9BD7145}.Debug|x64.Build.0 = Debug|x64
		{7FD736DB-0CDE-46A9-B165-F339D9BD7145}.Debug|x86.ActiveCfg = Debug|Win32
		{7FD736DB-0CDE-46A9-B165-F339D9BD7145}.Debug|x86.Build.0 = Debug|Win32
		{7FD736DB-0CDE-46A9-B165-F339D9BD7145}.Release|x64.ActiveCfg = Release|x64
		{7FD736DB-0CDE-46A9-B165-F339D9BD7145}.Release|x64.Build.0 = Release|x64
		{7FD736DB-0CDE-46A9-B165-F339D9BD7145}.Release|x86.ActiveCfg = Release|Win32
		{7FD736DB-0CDE-46A9-B165-F339D9BD7145}.Release|x86.Build.0 = Release|Win32
	EndGlobalSection
	GlobalSection(SolutionProperties) = preSolution
		HideSolutionNode = FALSE
	EndGlobalSection
	GlobalSection(ExtensibilityGlobals) = postSolution
		SolutionGuid = {1F356B3C-51E6-422A-B886-D4A5112EE874}
	EndGlobalSection
EndGlobal
